// !$*UTF8*$!
{
	archiveVersion = 1;
	classes = {
	};
	objectVersion = 46;
	objects = {

/* Begin PBXBuildFile section */
		F7487034182CF09000B21A02 /* PVDialogListViewController.m in Sources */ = {isa = PBXBuildFile; fileRef = F7487033182CF09000B21A02 /* PVDialogListViewController.m */; };
		F748704C182CFF9000B21A02 /* PVProfileViewController.m in Sources */ = {isa = PBXBuildFile; fileRef = F748704B182CFF9000B21A02 /* PVProfileViewController.m */; };
		F748704E182CFFB700B21A02 /* PVProfileViewController.xib in Resources */ = {isa = PBXBuildFile; fileRef = F748704D182CFFB700B21A02 /* PVProfileViewController.xib */; };
		F78C4DC7182B7DA500C6D19C /* geoip in Resources */ = {isa = PBXBuildFile; fileRef = F78C4DC6182B7DA500C6D19C /* geoip */; };
		F78C4DCA182B7DC700C6D19C /* libCPAProxy.a in Frameworks */ = {isa = PBXBuildFile; fileRef = F7BFD086182B7CEA001DC10C /* libCPAProxy.a */; };
		F78C4DCC182B7DCF00C6D19C /* libz.dylib in Frameworks */ = {isa = PBXBuildFile; fileRef = F78C4DCB182B7DCF00C6D19C /* libz.dylib */; };
		F78C4E3F182BA9FC00C6D19C /* libPriveDependencies-iOS.a in Frameworks */ = {isa = PBXBuildFile; fileRef = F78C4E12182BA98500C6D19C /* libPriveDependencies-iOS.a */; };
		F78C4E48182BB15F00C6D19C /* Localizable.strings in Resources */ = {isa = PBXBuildFile; fileRef = F78C4E46182BB15F00C6D19C /* Localizable.strings */; };
		F78C4E4E182BC6F600C6D19C /* torrc in Resources */ = {isa = PBXBuildFile; fileRef = F78C4E4D182BC6F600C6D19C /* torrc */; };
		F7A91BD6182A6C2A00073051 /* Foundation.framework in Frameworks */ = {isa = PBXBuildFile; fileRef = F7A91BD5182A6C2A00073051 /* Foundation.framework */; };
		F7A91BD8182A6C2A00073051 /* CoreGraphics.framework in Frameworks */ = {isa = PBXBuildFile; fileRef = F7A91BD7182A6C2A00073051 /* CoreGraphics.framework */; };
		F7A91BDA182A6C2A00073051 /* UIKit.framework in Frameworks */ = {isa = PBXBuildFile; fileRef = F7A91BD9182A6C2A00073051 /* UIKit.framework */; };
		F7A91BE0182A6C2A00073051 /* InfoPlist.strings in Resources */ = {isa = PBXBuildFile; fileRef = F7A91BDE182A6C2A00073051 /* InfoPlist.strings */; };
		F7A91BE2182A6C2A00073051 /* main.m in Sources */ = {isa = PBXBuildFile; fileRef = F7A91BE1182A6C2A00073051 /* main.m */; };
		F7A91BE6182A6C2A00073051 /* PVAppDelegate.m in Sources */ = {isa = PBXBuildFile; fileRef = F7A91BE5182A6C2A00073051 /* PVAppDelegate.m */; };
		F7A91BE8182A6C2A00073051 /* Images.xcassets in Resources */ = {isa = PBXBuildFile; fileRef = F7A91BE7182A6C2A00073051 /* Images.xcassets */; };
		F7A91BEF182A6C2A00073051 /* XCTest.framework in Frameworks */ = {isa = PBXBuildFile; fileRef = F7A91BEE182A6C2A00073051 /* XCTest.framework */; };
		F7A91BF0182A6C2A00073051 /* Foundation.framework in Frameworks */ = {isa = PBXBuildFile; fileRef = F7A91BD5182A6C2A00073051 /* Foundation.framework */; };
		F7A91BF1182A6C2A00073051 /* UIKit.framework in Frameworks */ = {isa = PBXBuildFile; fileRef = F7A91BD9182A6C2A00073051 /* UIKit.framework */; };
		F7A91BF9182A6C2A00073051 /* InfoPlist.strings in Resources */ = {isa = PBXBuildFile; fileRef = F7A91BF7182A6C2A00073051 /* InfoPlist.strings */; };
		F7A91BFB182A6C2A00073051 /* PriveTests.m in Sources */ = {isa = PBXBuildFile; fileRef = F7A91BFA182A6C2A00073051 /* PriveTests.m */; };
		F7A91C07182A6D0800073051 /* PVDataModel.xcdatamodeld in Sources */ = {isa = PBXBuildFile; fileRef = F7A91C05182A6D0800073051 /* PVDataModel.xcdatamodeld */; };
		F7A91C0A182A6D5200073051 /* PVManagedContact.m in Sources */ = {isa = PBXBuildFile; fileRef = F7A91C09182A6D5200073051 /* PVManagedContact.m */; };
		F7A91C0E182A6E0000073051 /* PVChatManager.m in Sources */ = {isa = PBXBuildFile; fileRef = F7A91C0D182A6E0000073051 /* PVChatManager.m */; };
		F7A91C10182A6E4800073051 /* CoreData.framework in Frameworks */ = {isa = PBXBuildFile; fileRef = F7A91C0F182A6E4800073051 /* CoreData.framework */; };
		F7A91C13182A745500073051 /* PVContactsListViewController.m in Sources */ = {isa = PBXBuildFile; fileRef = F7A91C12182A745500073051 /* PVContactsListViewController.m */; };
		F7AF02851830C35800F95980 /* PVManagedMessage.m in Sources */ = {isa = PBXBuildFile; fileRef = F7AF02841830C35800F95980 /* PVManagedMessage.m */; };
		F7AF02881830C3A900F95980 /* PVManagedDialog.m in Sources */ = {isa = PBXBuildFile; fileRef = F7AF02871830C3A900F95980 /* PVManagedDialog.m */; };
		F7AF02C21830DB5800F95980 /* PVDialogViewController.m in Sources */ = {isa = PBXBuildFile; fileRef = F7AF02C11830DB5800F95980 /* PVDialogViewController.m */; };
		F7AF02C61830EE8500F95980 /* UIImage+Appearance.m in Sources */ = {isa = PBXBuildFile; fileRef = F7AF02C51830EE8500F95980 /* UIImage+Appearance.m */; };
		F7AF02DA1830F7F700F95980 /* tabbar-contacts-highlighted.png in Resources */ = {isa = PBXBuildFile; fileRef = F7AF02CA1830F7F700F95980 /* tabbar-contacts-highlighted.png */; };
		F7AF02DB1830F7F700F95980 /* tabbar-contacts-highlighted@2x.png in Resources */ = {isa = PBXBuildFile; fileRef = F7AF02CB1830F7F700F95980 /* tabbar-contacts-highlighted@2x.png */; };
		F7AF02DC1830F7F700F95980 /* tabbar-contacts-normal.png in Resources */ = {isa = PBXBuildFile; fileRef = F7AF02CC1830F7F700F95980 /* tabbar-contacts-normal.png */; };
		F7AF02DD1830F7F700F95980 /* tabbar-contacts-normal@2x.png in Resources */ = {isa = PBXBuildFile; fileRef = F7AF02CD1830F7F700F95980 /* tabbar-contacts-normal@2x.png */; };
		F7AF02DE1830F7F700F95980 /* tabbar-dialogs-hightlighted.png in Resources */ = {isa = PBXBuildFile; fileRef = F7AF02CE1830F7F700F95980 /* tabbar-dialogs-hightlighted.png */; };
		F7AF02DF1830F7F700F95980 /* tabbar-dialogs-hightlighted@2x.png in Resources */ = {isa = PBXBuildFile; fileRef = F7AF02CF1830F7F700F95980 /* tabbar-dialogs-hightlighted@2x.png */; };
		F7AF02E01830F7F700F95980 /* tabbar-dialogs-normal.png in Resources */ = {isa = PBXBuildFile; fileRef = F7AF02D01830F7F700F95980 /* tabbar-dialogs-normal.png */; };
		F7AF02E11830F7F700F95980 /* tabbar-dialogs-normal@2x.png in Resources */ = {isa = PBXBuildFile; fileRef = F7AF02D11830F7F700F95980 /* tabbar-dialogs-normal@2x.png */; };
		F7AF02E21830F7F700F95980 /* tabbar-profile-highlighted.png in Resources */ = {isa = PBXBuildFile; fileRef = F7AF02D21830F7F700F95980 /* tabbar-profile-highlighted.png */; };
		F7AF02E31830F7F700F95980 /* tabbar-profile-highlighted@2x.png in Resources */ = {isa = PBXBuildFile; fileRef = F7AF02D31830F7F700F95980 /* tabbar-profile-highlighted@2x.png */; };
		F7AF02E41830F7F700F95980 /* tabbar-profile-normal.png in Resources */ = {isa = PBXBuildFile; fileRef = F7AF02D41830F7F700F95980 /* tabbar-profile-normal.png */; };
		F7AF02E51830F7F700F95980 /* tabbar-profile-normal@2x.png in Resources */ = {isa = PBXBuildFile; fileRef = F7AF02D51830F7F700F95980 /* tabbar-profile-normal@2x.png */; };
		F7AF02E61830F7F700F95980 /* tabbar-timeline-hightligted.png in Resources */ = {isa = PBXBuildFile; fileRef = F7AF02D61830F7F700F95980 /* tabbar-timeline-hightligted.png */; };
		F7AF02E71830F7F700F95980 /* tabbar-timeline-hightligted@2x.png in Resources */ = {isa = PBXBuildFile; fileRef = F7AF02D71830F7F700F95980 /* tabbar-timeline-hightligted@2x.png */; };
		F7AF02E81830F7F700F95980 /* tabbar-timeline-normal.png in Resources */ = {isa = PBXBuildFile; fileRef = F7AF02D81830F7F700F95980 /* tabbar-timeline-normal.png */; };
		F7AF02E91830F7F700F95980 /* tabbar-timeline-normal@2x.png in Resources */ = {isa = PBXBuildFile; fileRef = F7AF02D91830F7F700F95980 /* tabbar-timeline-normal@2x.png */; };
		F7AF02EC1830FB7300F95980 /* PVTimelineViewController.m in Sources */ = {isa = PBXBuildFile; fileRef = F7AF02EB1830FB7300F95980 /* PVTimelineViewController.m */; };
		F7AF02F01831037700F95980 /* PVContactCell.m in Sources */ = {isa = PBXBuildFile; fileRef = F7AF02EF1831037700F95980 /* PVContactCell.m */; };
/* End PBXBuildFile section */

/* Begin PBXContainerItemProxy section */
		F78C4DCD182B7E6800C6D19C /* PBXContainerItemProxy */ = {
			isa = PBXContainerItemProxy;
			containerPortal = F7BFD07E182B7CE9001DC10C /* CPAProxy.xcodeproj */;
			proxyType = 1;
			remoteGlobalIDString = 542FFE4C1800C9B5003B83B7;
			remoteInfo = CPAProxy;
		};
		F78C4E11182BA98500C6D19C /* PBXContainerItemProxy */ = {
			isa = PBXContainerItemProxy;
			containerPortal = F78C4E0C182BA98400C6D19C /* PriveDependencies.xcodeproj */;
			proxyType = 2;
			remoteGlobalIDString = F78C4DE3182BA98400C6D19C;
			remoteInfo = PriveDependencies;
		};
		F78C4E40182BAA0300C6D19C /* PBXContainerItemProxy */ = {
			isa = PBXContainerItemProxy;
			containerPortal = F78C4E0C182BA98400C6D19C /* PriveDependencies.xcodeproj */;
			proxyType = 1;
			remoteGlobalIDString = F78C4DE2182BA98400C6D19C;
			remoteInfo = "PriveDependencies-iOS";
		};
		F7A91BF2182A6C2A00073051 /* PBXContainerItemProxy */ = {
			isa = PBXContainerItemProxy;
			containerPortal = F7A91BCA182A6C2A00073051 /* Project object */;
			proxyType = 1;
			remoteGlobalIDString = F7A91BD1182A6C2A00073051;
			remoteInfo = Prive;
		};
		F7BFD085182B7CEA001DC10C /* PBXContainerItemProxy */ = {
			isa = PBXContainerItemProxy;
			containerPortal = F7BFD07E182B7CE9001DC10C /* CPAProxy.xcodeproj */;
			proxyType = 2;
			remoteGlobalIDString = 542FFE4D1800C9B5003B83B7;
			remoteInfo = CPAProxy;
		};
		F7BFD087182B7CEA001DC10C /* PBXContainerItemProxy */ = {
			isa = PBXContainerItemProxy;
			containerPortal = F7BFD07E182B7CE9001DC10C /* CPAProxy.xcodeproj */;
			proxyType = 2;
			remoteGlobalIDString = 5418E2F41802ACF700C293E4;
			remoteInfo = CPAProxyTests;
		};
/* End PBXContainerItemProxy section */

/* Begin PBXFileReference section */
		F7487032182CF09000B21A02 /* PVDialogListViewController.h */ = {isa = PBXFileReference; fileEncoding = 4; lastKnownFileType = sourcecode.c.h; path = PVDialogListViewController.h; sourceTree = "<group>"; };
		F7487033182CF09000B21A02 /* PVDialogListViewController.m */ = {isa = PBXFileReference; fileEncoding = 4; lastKnownFileType = sourcecode.c.objc; path = PVDialogListViewController.m; sourceTree = "<group>"; };
		F748704A182CFF9000B21A02 /* PVProfileViewController.h */ = {isa = PBXFileReference; fileEncoding = 4; lastKnownFileType = sourcecode.c.h; path = PVProfileViewController.h; sourceTree = "<group>"; };
		F748704B182CFF9000B21A02 /* PVProfileViewController.m */ = {isa = PBXFileReference; fileEncoding = 4; lastKnownFileType = sourcecode.c.objc; path = PVProfileViewController.m; sourceTree = "<group>"; };
		F748704D182CFFB700B21A02 /* PVProfileViewController.xib */ = {isa = PBXFileReference; fileEncoding = 4; lastKnownFileType = file.xib; path = PVProfileViewController.xib; sourceTree = "<group>"; };
		F78C4DC6182B7DA500C6D19C /* geoip */ = {isa = PBXFileReference; fileEncoding = 4; lastKnownFileType = text; name = geoip; path = ../External/CPAProxy/CPAProxyDependencies/geoip; sourceTree = "<group>"; };
		F78C4DCB182B7DCF00C6D19C /* libz.dylib */ = {isa = PBXFileReference; lastKnownFileType = "compiled.mach-o.dylib"; name = libz.dylib; path = usr/lib/libz.dylib; sourceTree = SDKROOT; };
		F78C4DD8182BA76400C6D19C /* README.md */ = {isa = PBXFileReference; fileEncoding = 4; lastKnownFileType = text; path = README.md; sourceTree = SOURCE_ROOT; };
		F78C4E0C182BA98400C6D19C /* PriveDependencies.xcodeproj */ = {isa = PBXFileReference; lastKnownFileType = "wrapper.pb-project"; name = PriveDependencies.xcodeproj; path = PriveDependencies/PriveDependencies.xcodeproj; sourceTree = "<group>"; };
		F78C4E47182BB15F00C6D19C /* en */ = {isa = PBXFileReference; lastKnownFileType = text.plist.strings; name = en; path = External/TorchatMac/TorChat/en.lproj/Localizable.strings; sourceTree = SOURCE_ROOT; };
		F78C4E4D182BC6F600C6D19C /* torrc */ = {isa = PBXFileReference; fileEncoding = 4; lastKnownFileType = text; path = torrc; sourceTree = "<group>"; };
		F7A91BD2182A6C2A00073051 /* Prive.app */ = {isa = PBXFileReference; explicitFileType = wrapper.application; includeInIndex = 0; path = Prive.app; sourceTree = BUILT_PRODUCTS_DIR; };
		F7A91BD5182A6C2A00073051 /* Foundation.framework */ = {isa = PBXFileReference; lastKnownFileType = wrapper.framework; name = Foundation.framework; path = System/Library/Frameworks/Foundation.framework; sourceTree = SDKROOT; };
		F7A91BD7182A6C2A00073051 /* CoreGraphics.framework */ = {isa = PBXFileReference; lastKnownFileType = wrapper.framework; name = CoreGraphics.framework; path = System/Library/Frameworks/CoreGraphics.framework; sourceTree = SDKROOT; };
		F7A91BD9182A6C2A00073051 /* UIKit.framework */ = {isa = PBXFileReference; lastKnownFileType = wrapper.framework; name = UIKit.framework; path = System/Library/Frameworks/UIKit.framework; sourceTree = SDKROOT; };
		F7A91BDD182A6C2A00073051 /* Prive-Info.plist */ = {isa = PBXFileReference; lastKnownFileType = text.plist.xml; path = "Prive-Info.plist"; sourceTree = "<group>"; };
		F7A91BDF182A6C2A00073051 /* en */ = {isa = PBXFileReference; lastKnownFileType = text.plist.strings; name = en; path = en.lproj/InfoPlist.strings; sourceTree = "<group>"; };
		F7A91BE1182A6C2A00073051 /* main.m */ = {isa = PBXFileReference; lastKnownFileType = sourcecode.c.objc; path = main.m; sourceTree = "<group>"; };
		F7A91BE3182A6C2A00073051 /* Prive-Prefix.pch */ = {isa = PBXFileReference; lastKnownFileType = sourcecode.c.h; path = "Prive-Prefix.pch"; sourceTree = "<group>"; };
		F7A91BE4182A6C2A00073051 /* PVAppDelegate.h */ = {isa = PBXFileReference; lastKnownFileType = sourcecode.c.h; path = PVAppDelegate.h; sourceTree = "<group>"; };
		F7A91BE5182A6C2A00073051 /* PVAppDelegate.m */ = {isa = PBXFileReference; lastKnownFileType = sourcecode.c.objc; path = PVAppDelegate.m; sourceTree = "<group>"; };
		F7A91BE7182A6C2A00073051 /* Images.xcassets */ = {isa = PBXFileReference; lastKnownFileType = folder.assetcatalog; path = Images.xcassets; sourceTree = "<group>"; };
		F7A91BED182A6C2A00073051 /* PriveTests.xctest */ = {isa = PBXFileReference; explicitFileType = wrapper.cfbundle; includeInIndex = 0; path = PriveTests.xctest; sourceTree = BUILT_PRODUCTS_DIR; };
		F7A91BEE182A6C2A00073051 /* XCTest.framework */ = {isa = PBXFileReference; lastKnownFileType = wrapper.framework; name = XCTest.framework; path = Library/Frameworks/XCTest.framework; sourceTree = DEVELOPER_DIR; };
		F7A91BF6182A6C2A00073051 /* PriveTests-Info.plist */ = {isa = PBXFileReference; lastKnownFileType = text.plist.xml; path = "PriveTests-Info.plist"; sourceTree = "<group>"; };
		F7A91BF8182A6C2A00073051 /* en */ = {isa = PBXFileReference; lastKnownFileType = text.plist.strings; name = en; path = en.lproj/InfoPlist.strings; sourceTree = "<group>"; };
		F7A91BFA182A6C2A00073051 /* PriveTests.m */ = {isa = PBXFileReference; lastKnownFileType = sourcecode.c.objc; path = PriveTests.m; sourceTree = "<group>"; };
		F7A91C06182A6D0800073051 /* PVDataModel.xcdatamodel */ = {isa = PBXFileReference; lastKnownFileType = wrapper.xcdatamodel; path = PVDataModel.xcdatamodel; sourceTree = "<group>"; };
		F7A91C08182A6D5200073051 /* PVManagedContact.h */ = {isa = PBXFileReference; fileEncoding = 4; lastKnownFileType = sourcecode.c.h; path = PVManagedContact.h; sourceTree = "<group>"; };
		F7A91C09182A6D5200073051 /* PVManagedContact.m */ = {isa = PBXFileReference; fileEncoding = 4; lastKnownFileType = sourcecode.c.objc; path = PVManagedContact.m; sourceTree = "<group>"; };
		F7A91C0C182A6E0000073051 /* PVChatManager.h */ = {isa = PBXFileReference; fileEncoding = 4; lastKnownFileType = sourcecode.c.h; path = PVChatManager.h; sourceTree = "<group>"; };
		F7A91C0D182A6E0000073051 /* PVChatManager.m */ = {isa = PBXFileReference; fileEncoding = 4; lastKnownFileType = sourcecode.c.objc; path = PVChatManager.m; sourceTree = "<group>"; };
		F7A91C0F182A6E4800073051 /* CoreData.framework */ = {isa = PBXFileReference; lastKnownFileType = wrapper.framework; name = CoreData.framework; path = System/Library/Frameworks/CoreData.framework; sourceTree = SDKROOT; };
		F7A91C11182A745500073051 /* PVContactsListViewController.h */ = {isa = PBXFileReference; fileEncoding = 4; lastKnownFileType = sourcecode.c.h; path = PVContactsListViewController.h; sourceTree = "<group>"; };
		F7A91C12182A745500073051 /* PVContactsListViewController.m */ = {isa = PBXFileReference; fileEncoding = 4; lastKnownFileType = sourcecode.c.objc; path = PVContactsListViewController.m; sourceTree = "<group>"; };
		F7AF02831830C35800F95980 /* PVManagedMessage.h */ = {isa = PBXFileReference; fileEncoding = 4; lastKnownFileType = sourcecode.c.h; path = PVManagedMessage.h; sourceTree = "<group>"; };
		F7AF02841830C35800F95980 /* PVManagedMessage.m */ = {isa = PBXFileReference; fileEncoding = 4; lastKnownFileType = sourcecode.c.objc; path = PVManagedMessage.m; sourceTree = "<group>"; };
		F7AF02861830C3A900F95980 /* PVManagedDialog.h */ = {isa = PBXFileReference; fileEncoding = 4; lastKnownFileType = sourcecode.c.h; path = PVManagedDialog.h; sourceTree = "<group>"; };
		F7AF02871830C3A900F95980 /* PVManagedDialog.m */ = {isa = PBXFileReference; fileEncoding = 4; lastKnownFileType = sourcecode.c.objc; path = PVManagedDialog.m; sourceTree = "<group>"; };
		F7AF02C01830DB5800F95980 /* PVDialogViewController.h */ = {isa = PBXFileReference; fileEncoding = 4; lastKnownFileType = sourcecode.c.h; path = PVDialogViewController.h; sourceTree = "<group>"; };
		F7AF02C11830DB5800F95980 /* PVDialogViewController.m */ = {isa = PBXFileReference; fileEncoding = 4; lastKnownFileType = sourcecode.c.objc; path = PVDialogViewController.m; sourceTree = "<group>"; };
		F7AF02C41830EE8500F95980 /* UIImage+Appearance.h */ = {isa = PBXFileReference; fileEncoding = 4; lastKnownFileType = sourcecode.c.h; path = "UIImage+Appearance.h"; sourceTree = "<group>"; };
		F7AF02C51830EE8500F95980 /* UIImage+Appearance.m */ = {isa = PBXFileReference; fileEncoding = 4; lastKnownFileType = sourcecode.c.objc; path = "UIImage+Appearance.m"; sourceTree = "<group>"; };
		F7AF02CA1830F7F700F95980 /* tabbar-contacts-highlighted.png */ = {isa = PBXFileReference; lastKnownFileType = image.png; path = "tabbar-contacts-highlighted.png"; sourceTree = "<group>"; };
		F7AF02CB1830F7F700F95980 /* tabbar-contacts-highlighted@2x.png */ = {isa = PBXFileReference; lastKnownFileType = image.png; path = "tabbar-contacts-highlighted@2x.png"; sourceTree = "<group>"; };
		F7AF02CC1830F7F700F95980 /* tabbar-contacts-normal.png */ = {isa = PBXFileReference; lastKnownFileType = image.png; path = "tabbar-contacts-normal.png"; sourceTree = "<group>"; };
		F7AF02CD1830F7F700F95980 /* tabbar-contacts-normal@2x.png */ = {isa = PBXFileReference; lastKnownFileType = image.png; path = "tabbar-contacts-normal@2x.png"; sourceTree = "<group>"; };
		F7AF02CE1830F7F700F95980 /* tabbar-dialogs-hightlighted.png */ = {isa = PBXFileReference; lastKnownFileType = image.png; path = "tabbar-dialogs-hightlighted.png"; sourceTree = "<group>"; };
		F7AF02CF1830F7F700F95980 /* tabbar-dialogs-hightlighted@2x.png */ = {isa = PBXFileReference; lastKnownFileType = image.png; path = "tabbar-dialogs-hightlighted@2x.png"; sourceTree = "<group>"; };
		F7AF02D01830F7F700F95980 /* tabbar-dialogs-normal.png */ = {isa = PBXFileReference; lastKnownFileType = image.png; path = "tabbar-dialogs-normal.png"; sourceTree = "<group>"; };
		F7AF02D11830F7F700F95980 /* tabbar-dialogs-normal@2x.png */ = {isa = PBXFileReference; lastKnownFileType = image.png; path = "tabbar-dialogs-normal@2x.png"; sourceTree = "<group>"; };
		F7AF02D21830F7F700F95980 /* tabbar-profile-highlighted.png */ = {isa = PBXFileReference; lastKnownFileType = image.png; path = "tabbar-profile-highlighted.png"; sourceTree = "<group>"; };
		F7AF02D31830F7F700F95980 /* tabbar-profile-highlighted@2x.png */ = {isa = PBXFileReference; lastKnownFileType = image.png; path = "tabbar-profile-highlighted@2x.png"; sourceTree = "<group>"; };
		F7AF02D41830F7F700F95980 /* tabbar-profile-normal.png */ = {isa = PBXFileReference; lastKnownFileType = image.png; path = "tabbar-profile-normal.png"; sourceTree = "<group>"; };
		F7AF02D51830F7F700F95980 /* tabbar-profile-normal@2x.png */ = {isa = PBXFileReference; lastKnownFileType = image.png; path = "tabbar-profile-normal@2x.png"; sourceTree = "<group>"; };
		F7AF02D61830F7F700F95980 /* tabbar-timeline-hightligted.png */ = {isa = PBXFileReference; lastKnownFileType = image.png; path = "tabbar-timeline-hightligted.png"; sourceTree = "<group>"; };
		F7AF02D71830F7F700F95980 /* tabbar-timeline-hightligted@2x.png */ = {isa = PBXFileReference; lastKnownFileType = image.png; path = "tabbar-timeline-hightligted@2x.png"; sourceTree = "<group>"; };
		F7AF02D81830F7F700F95980 /* tabbar-timeline-normal.png */ = {isa = PBXFileReference; lastKnownFileType = image.png; path = "tabbar-timeline-normal.png"; sourceTree = "<group>"; };
		F7AF02D91830F7F700F95980 /* tabbar-timeline-normal@2x.png */ = {isa = PBXFileReference; lastKnownFileType = image.png; path = "tabbar-timeline-normal@2x.png"; sourceTree = "<group>"; };
		F7AF02EA1830FB7300F95980 /* PVTimelineViewController.h */ = {isa = PBXFileReference; fileEncoding = 4; lastKnownFileType = sourcecode.c.h; path = PVTimelineViewController.h; sourceTree = "<group>"; };
		F7AF02EB1830FB7300F95980 /* PVTimelineViewController.m */ = {isa = PBXFileReference; fileEncoding = 4; lastKnownFileType = sourcecode.c.objc; path = PVTimelineViewController.m; sourceTree = "<group>"; };
		F7AF02EE1831037700F95980 /* PVContactCell.h */ = {isa = PBXFileReference; fileEncoding = 4; lastKnownFileType = sourcecode.c.h; path = PVContactCell.h; sourceTree = "<group>"; };
		F7AF02EF1831037700F95980 /* PVContactCell.m */ = {isa = PBXFileReference; fileEncoding = 4; lastKnownFileType = sourcecode.c.objc; path = PVContactCell.m; sourceTree = "<group>"; };
		F7BFD07E182B7CE9001DC10C /* CPAProxy.xcodeproj */ = {isa = PBXFileReference; lastKnownFileType = "wrapper.pb-project"; name = CPAProxy.xcodeproj; path = External/CPAProxy/CPAProxy.xcodeproj; sourceTree = "<group>"; };
/* End PBXFileReference section */

/* Begin PBXFrameworksBuildPhase section */
		F7A91BCF182A6C2A00073051 /* Frameworks */ = {
			isa = PBXFrameworksBuildPhase;
			buildActionMask = 2147483647;
			files = (
				F78C4E3F182BA9FC00C6D19C /* libPriveDependencies-iOS.a in Frameworks */,
				F78C4DCC182B7DCF00C6D19C /* libz.dylib in Frameworks */,
				F78C4DCA182B7DC700C6D19C /* libCPAProxy.a in Frameworks */,
				F7A91C10182A6E4800073051 /* CoreData.framework in Frameworks */,
				F7A91BD8182A6C2A00073051 /* CoreGraphics.framework in Frameworks */,
				F7A91BDA182A6C2A00073051 /* UIKit.framework in Frameworks */,
				F7A91BD6182A6C2A00073051 /* Foundation.framework in Frameworks */,
			);
			runOnlyForDeploymentPostprocessing = 0;
		};
		F7A91BEA182A6C2A00073051 /* Frameworks */ = {
			isa = PBXFrameworksBuildPhase;
			buildActionMask = 2147483647;
			files = (
				F7A91BEF182A6C2A00073051 /* XCTest.framework in Frameworks */,
				F7A91BF1182A6C2A00073051 /* UIKit.framework in Frameworks */,
				F7A91BF0182A6C2A00073051 /* Foundation.framework in Frameworks */,
			);
			runOnlyForDeploymentPostprocessing = 0;
		};
/* End PBXFrameworksBuildPhase section */

/* Begin PBXGroup section */
		F78C4E0D182BA98400C6D19C /* Products */ = {
			isa = PBXGroup;
			children = (
				F78C4E12182BA98500C6D19C /* libPriveDependencies-iOS.a */,
			);
			name = Products;
			sourceTree = "<group>";
		};
		F7A91BC9182A6C2A00073051 = {
			isa = PBXGroup;
			children = (
				F7A91BDB182A6C2A00073051 /* Prive */,
				F7A91BF4182A6C2A00073051 /* PriveTests */,
				F7A91BD4182A6C2A00073051 /* Frameworks */,
				F78C4DCB182B7DCF00C6D19C /* libz.dylib */,
				F7A91BD3182A6C2A00073051 /* Products */,
			);
			sourceTree = "<group>";
		};
		F7A91BD3182A6C2A00073051 /* Products */ = {
			isa = PBXGroup;
			children = (
				F7A91BD2182A6C2A00073051 /* Prive.app */,
				F7A91BED182A6C2A00073051 /* PriveTests.xctest */,
			);
			name = Products;
			sourceTree = "<group>";
		};
		F7A91BD4182A6C2A00073051 /* Frameworks */ = {
			isa = PBXGroup;
			children = (
				F78C4E0C182BA98400C6D19C /* PriveDependencies.xcodeproj */,
				F7BFD07E182B7CE9001DC10C /* CPAProxy.xcodeproj */,
				F7A91C0F182A6E4800073051 /* CoreData.framework */,
				F7A91BD5182A6C2A00073051 /* Foundation.framework */,
				F7A91BD7182A6C2A00073051 /* CoreGraphics.framework */,
				F7A91BD9182A6C2A00073051 /* UIKit.framework */,
				F7A91BEE182A6C2A00073051 /* XCTest.framework */,
			);
			name = Frameworks;
			sourceTree = "<group>";
		};
		F7A91BDB182A6C2A00073051 /* Prive */ = {
			isa = PBXGroup;
			children = (
				F7AF02C71830F60700F95980 /* Resources */,
				F7AF02C31830EE6100F95980 /* Categories */,
				F7AF02ED1831035A00F95980 /* Views */,
				F7A91C0B182A6DD400073051 /* ViewControllers */,
				F7A91C04182A6CB200073051 /* Model */,
				F7A91BE4182A6C2A00073051 /* PVAppDelegate.h */,
				F7A91BE5182A6C2A00073051 /* PVAppDelegate.m */,
				F7A91BE7182A6C2A00073051 /* Images.xcassets */,
				F7A91BDC182A6C2A00073051 /* Supporting Files */,
			);
			path = Prive;
			sourceTree = "<group>";
		};
		F7A91BDC182A6C2A00073051 /* Supporting Files */ = {
			isa = PBXGroup;
			children = (
				F78C4E4D182BC6F600C6D19C /* torrc */,
				F78C4E46182BB15F00C6D19C /* Localizable.strings */,
				F78C4DD8182BA76400C6D19C /* README.md */,
				F78C4DC6182B7DA500C6D19C /* geoip */,
				F7A91BDD182A6C2A00073051 /* Prive-Info.plist */,
				F7A91BDE182A6C2A00073051 /* InfoPlist.strings */,
				F7A91BE1182A6C2A00073051 /* main.m */,
				F7A91BE3182A6C2A00073051 /* Prive-Prefix.pch */,
			);
			name = "Supporting Files";
			sourceTree = "<group>";
		};
		F7A91BF4182A6C2A00073051 /* PriveTests */ = {
			isa = PBXGroup;
			children = (
				F7A91BFA182A6C2A00073051 /* PriveTests.m */,
				F7A91BF5182A6C2A00073051 /* Supporting Files */,
			);
			path = PriveTests;
			sourceTree = "<group>";
		};
		F7A91BF5182A6C2A00073051 /* Supporting Files */ = {
			isa = PBXGroup;
			children = (
				F7A91BF6182A6C2A00073051 /* PriveTests-Info.plist */,
				F7A91BF7182A6C2A00073051 /* InfoPlist.strings */,
			);
			name = "Supporting Files";
			sourceTree = "<group>";
		};
		F7A91C04182A6CB200073051 /* Model */ = {
			isa = PBXGroup;
			children = (
				F7A91C05182A6D0800073051 /* PVDataModel.xcdatamodeld */,
				F7AF02861830C3A900F95980 /* PVManagedDialog.h */,
				F7AF02871830C3A900F95980 /* PVManagedDialog.m */,
				F7AF02831830C35800F95980 /* PVManagedMessage.h */,
				F7AF02841830C35800F95980 /* PVManagedMessage.m */,
				F7A91C08182A6D5200073051 /* PVManagedContact.h */,
				F7A91C09182A6D5200073051 /* PVManagedContact.m */,
				F7A91C0C182A6E0000073051 /* PVChatManager.h */,
				F7A91C0D182A6E0000073051 /* PVChatManager.m */,
			);
			name = Model;
			sourceTree = "<group>";
		};
		F7A91C0B182A6DD400073051 /* ViewControllers */ = {
			isa = PBXGroup;
			children = (
				F748704D182CFFB700B21A02 /* PVProfileViewController.xib */,
				F7A91C11182A745500073051 /* PVContactsListViewController.h */,
				F7A91C12182A745500073051 /* PVContactsListViewController.m */,
				F7AF02C01830DB5800F95980 /* PVDialogViewController.h */,
				F7AF02C11830DB5800F95980 /* PVDialogViewController.m */,
				F7487032182CF09000B21A02 /* PVDialogListViewController.h */,
				F7487033182CF09000B21A02 /* PVDialogListViewController.m */,
				F748704A182CFF9000B21A02 /* PVProfileViewController.h */,
				F748704B182CFF9000B21A02 /* PVProfileViewController.m */,
				F7AF02EA1830FB7300F95980 /* PVTimelineViewController.h */,
				F7AF02EB1830FB7300F95980 /* PVTimelineViewController.m */,
			);
			name = ViewControllers;
			sourceTree = "<group>";
		};
		F7AF02C31830EE6100F95980 /* Categories */ = {
			isa = PBXGroup;
			children = (
				F7AF02C41830EE8500F95980 /* UIImage+Appearance.h */,
				F7AF02C51830EE8500F95980 /* UIImage+Appearance.m */,
			);
			name = Categories;
			sourceTree = "<group>";
		};
		F7AF02C71830F60700F95980 /* Resources */ = {
			isa = PBXGroup;
			children = (
				F7AF02C81830F61700F95980 /* Images */,
			);
			name = Resources;
			sourceTree = "<group>";
		};
		F7AF02C81830F61700F95980 /* Images */ = {
			isa = PBXGroup;
			children = (
				F7AF02C91830F62400F95980 /* TabBar */,
			);
			name = Images;
			sourceTree = "<group>";
		};
		F7AF02C91830F62400F95980 /* TabBar */ = {
			isa = PBXGroup;
			children = (
				F7AF02CA1830F7F700F95980 /* tabbar-contacts-highlighted.png */,
				F7AF02CB1830F7F700F95980 /* tabbar-contacts-highlighted@2x.png */,
				F7AF02CC1830F7F700F95980 /* tabbar-contacts-normal.png */,
				F7AF02CD1830F7F700F95980 /* tabbar-contacts-normal@2x.png */,
				F7AF02CE1830F7F700F95980 /* tabbar-dialogs-hightlighted.png */,
				F7AF02CF1830F7F700F95980 /* tabbar-dialogs-hightlighted@2x.png */,
				F7AF02D01830F7F700F95980 /* tabbar-dialogs-normal.png */,
				F7AF02D11830F7F700F95980 /* tabbar-dialogs-normal@2x.png */,
				F7AF02D21830F7F700F95980 /* tabbar-profile-highlighted.png */,
				F7AF02D31830F7F700F95980 /* tabbar-profile-highlighted@2x.png */,
				F7AF02D41830F7F700F95980 /* tabbar-profile-normal.png */,
				F7AF02D51830F7F700F95980 /* tabbar-profile-normal@2x.png */,
				F7AF02D61830F7F700F95980 /* tabbar-timeline-hightligted.png */,
				F7AF02D71830F7F700F95980 /* tabbar-timeline-hightligted@2x.png */,
				F7AF02D81830F7F700F95980 /* tabbar-timeline-normal.png */,
				F7AF02D91830F7F700F95980 /* tabbar-timeline-normal@2x.png */,
			);
			name = TabBar;
			sourceTree = "<group>";
		};
		F7AF02ED1831035A00F95980 /* Views */ = {
			isa = PBXGroup;
			children = (
				F7AF02EE1831037700F95980 /* PVContactCell.h */,
				F7AF02EF1831037700F95980 /* PVContactCell.m */,
			);
			name = Views;
			sourceTree = "<group>";
		};
		F7BFD07F182B7CE9001DC10C /* Products */ = {
			isa = PBXGroup;
			children = (
				F7BFD086182B7CEA001DC10C /* libCPAProxy.a */,
				F7BFD088182B7CEA001DC10C /* CPAProxyTests.xctest */,
			);
			name = Products;
			sourceTree = "<group>";
		};
/* End PBXGroup section */

/* Begin PBXNativeTarget section */
		F7A91BD1182A6C2A00073051 /* Prive */ = {
			isa = PBXNativeTarget;
			buildConfigurationList = F7A91BFE182A6C2A00073051 /* Build configuration list for PBXNativeTarget "Prive" */;
			buildPhases = (
				F7A91BCE182A6C2A00073051 /* Sources */,
				F7A91BCF182A6C2A00073051 /* Frameworks */,
				F7A91BD0182A6C2A00073051 /* Resources */,
			);
			buildRules = (
			);
			dependencies = (
				F78C4E41182BAA0300C6D19C /* PBXTargetDependency */,
				F78C4DCE182B7E6800C6D19C /* PBXTargetDependency */,
			);
			name = Prive;
			productName = Prive;
			productReference = F7A91BD2182A6C2A00073051 /* Prive.app */;
			productType = "com.apple.product-type.application";
		};
		F7A91BEC182A6C2A00073051 /* PriveTests */ = {
			isa = PBXNativeTarget;
			buildConfigurationList = F7A91C01182A6C2A00073051 /* Build configuration list for PBXNativeTarget "PriveTests" */;
			buildPhases = (
				F7A91BE9182A6C2A00073051 /* Sources */,
				F7A91BEA182A6C2A00073051 /* Frameworks */,
				F7A91BEB182A6C2A00073051 /* Resources */,
			);
			buildRules = (
			);
			dependencies = (
				F7A91BF3182A6C2A00073051 /* PBXTargetDependency */,
			);
			name = PriveTests;
			productName = PriveTests;
			productReference = F7A91BED182A6C2A00073051 /* PriveTests.xctest */;
			productType = "com.apple.product-type.bundle.unit-test";
		};
/* End PBXNativeTarget section */

/* Begin PBXProject section */
		F7A91BCA182A6C2A00073051 /* Project object */ = {
			isa = PBXProject;
			attributes = {
				CLASSPREFIX = PV;
				LastUpgradeCheck = 0500;
				ORGANIZATIONNAME = Prive;
				TargetAttributes = {
					F7A91BD1182A6C2A00073051 = {
						DevelopmentTeam = 7UCSFRSSNF;
					};
					F7A91BEC182A6C2A00073051 = {
						TestTargetID = F7A91BD1182A6C2A00073051;
					};
				};
			};
			buildConfigurationList = F7A91BCD182A6C2A00073051 /* Build configuration list for PBXProject "Prive" */;
			compatibilityVersion = "Xcode 3.2";
			developmentRegion = English;
			hasScannedForEncodings = 0;
			knownRegions = (
				en,
			);
			mainGroup = F7A91BC9182A6C2A00073051;
			productRefGroup = F7A91BD3182A6C2A00073051 /* Products */;
			projectDirPath = "";
			projectReferences = (
				{
					ProductGroup = F7BFD07F182B7CE9001DC10C /* Products */;
					ProjectRef = F7BFD07E182B7CE9001DC10C /* CPAProxy.xcodeproj */;
				},
				{
					ProductGroup = F78C4E0D182BA98400C6D19C /* Products */;
					ProjectRef = F78C4E0C182BA98400C6D19C /* PriveDependencies.xcodeproj */;
				},
			);
			projectRoot = "";
			targets = (
				F7A91BD1182A6C2A00073051 /* Prive */,
				F7A91BEC182A6C2A00073051 /* PriveTests */,
			);
		};
/* End PBXProject section */

/* Begin PBXReferenceProxy section */
		F78C4E12182BA98500C6D19C /* libPriveDependencies-iOS.a */ = {
			isa = PBXReferenceProxy;
			fileType = archive.ar;
			path = "libPriveDependencies-iOS.a";
			remoteRef = F78C4E11182BA98500C6D19C /* PBXContainerItemProxy */;
			sourceTree = BUILT_PRODUCTS_DIR;
		};
		F7BFD086182B7CEA001DC10C /* libCPAProxy.a */ = {
			isa = PBXReferenceProxy;
			fileType = archive.ar;
			path = libCPAProxy.a;
			remoteRef = F7BFD085182B7CEA001DC10C /* PBXContainerItemProxy */;
			sourceTree = BUILT_PRODUCTS_DIR;
		};
		F7BFD088182B7CEA001DC10C /* CPAProxyTests.xctest */ = {
			isa = PBXReferenceProxy;
			fileType = wrapper.cfbundle;
			path = CPAProxyTests.xctest;
			remoteRef = F7BFD087182B7CEA001DC10C /* PBXContainerItemProxy */;
			sourceTree = BUILT_PRODUCTS_DIR;
		};
/* End PBXReferenceProxy section */

/* Begin PBXResourcesBuildPhase section */
		F7A91BD0182A6C2A00073051 /* Resources */ = {
			isa = PBXResourcesBuildPhase;
			buildActionMask = 2147483647;
			files = (
				F7AF02E61830F7F700F95980 /* tabbar-timeline-hightligted.png in Resources */,
				F78C4E48182BB15F00C6D19C /* Localizable.strings in Resources */,
				F7AF02DB1830F7F700F95980 /* tabbar-contacts-highlighted@2x.png in Resources */,
				F7AF02E81830F7F700F95980 /* tabbar-timeline-normal.png in Resources */,
				F7AF02E31830F7F700F95980 /* tabbar-profile-highlighted@2x.png in Resources */,
				F78C4E4E182BC6F600C6D19C /* torrc in Resources */,
				F7AF02E91830F7F700F95980 /* tabbar-timeline-normal@2x.png in Resources */,
				F7A91BE0182A6C2A00073051 /* InfoPlist.strings in Resources */,
				F748704E182CFFB700B21A02 /* PVProfileViewController.xib in Resources */,
				F7AF02DE1830F7F700F95980 /* tabbar-dialogs-hightlighted.png in Resources */,
				F7A91BE8182A6C2A00073051 /* Images.xcassets in Resources */,
				F7AF02E21830F7F700F95980 /* tabbar-profile-highlighted.png in Resources */,
				F7AF02E01830F7F700F95980 /* tabbar-dialogs-normal.png in Resources */,
				F7AF02DD1830F7F700F95980 /* tabbar-contacts-normal@2x.png in Resources */,
				F7AF02E51830F7F700F95980 /* tabbar-profile-normal@2x.png in Resources */,
				F78C4DC7182B7DA500C6D19C /* geoip in Resources */,
				F7AF02DF1830F7F700F95980 /* tabbar-dialogs-hightlighted@2x.png in Resources */,
				F7AF02E11830F7F700F95980 /* tabbar-dialogs-normal@2x.png in Resources */,
				F7AF02DC1830F7F700F95980 /* tabbar-contacts-normal.png in Resources */,
				F7AF02E71830F7F700F95980 /* tabbar-timeline-hightligted@2x.png in Resources */,
				F7AF02E41830F7F700F95980 /* tabbar-profile-normal.png in Resources */,
				F7AF02DA1830F7F700F95980 /* tabbar-contacts-highlighted.png in Resources */,
			);
			runOnlyForDeploymentPostprocessing = 0;
		};
		F7A91BEB182A6C2A00073051 /* Resources */ = {
			isa = PBXResourcesBuildPhase;
			buildActionMask = 2147483647;
			files = (
				F7A91BF9182A6C2A00073051 /* InfoPlist.strings in Resources */,
			);
			runOnlyForDeploymentPostprocessing = 0;
		};
/* End PBXResourcesBuildPhase section */

/* Begin PBXSourcesBuildPhase section */
		F7A91BCE182A6C2A00073051 /* Sources */ = {
			isa = PBXSourcesBuildPhase;
			buildActionMask = 2147483647;
			files = (
				F7A91BE6182A6C2A00073051 /* PVAppDelegate.m in Sources */,
				F7AF02C21830DB5800F95980 /* PVDialogViewController.m in Sources */,
				F7AF02881830C3A900F95980 /* PVManagedDialog.m in Sources */,
				F7AF02C61830EE8500F95980 /* UIImage+Appearance.m in Sources */,
				F7AF02851830C35800F95980 /* PVManagedMessage.m in Sources */,
				F7A91BE2182A6C2A00073051 /* main.m in Sources */,
				F7A91C0A182A6D5200073051 /* PVManagedContact.m in Sources */,
				F748704C182CFF9000B21A02 /* PVProfileViewController.m in Sources */,
				F7AF02F01831037700F95980 /* PVContactCell.m in Sources */,
				F7A91C0E182A6E0000073051 /* PVChatManager.m in Sources */,
				F7AF02EC1830FB7300F95980 /* PVTimelineViewController.m in Sources */,
				F7A91C07182A6D0800073051 /* PVDataModel.xcdatamodeld in Sources */,
				F7487034182CF09000B21A02 /* PVDialogListViewController.m in Sources */,
				F7A91C13182A745500073051 /* PVContactsListViewController.m in Sources */,
			);
			runOnlyForDeploymentPostprocessing = 0;
		};
		F7A91BE9182A6C2A00073051 /* Sources */ = {
			isa = PBXSourcesBuildPhase;
			buildActionMask = 2147483647;
			files = (
				F7A91BFB182A6C2A00073051 /* PriveTests.m in Sources */,
			);
			runOnlyForDeploymentPostprocessing = 0;
		};
/* End PBXSourcesBuildPhase section */

/* Begin PBXTargetDependency section */
		F78C4DCE182B7E6800C6D19C /* PBXTargetDependency */ = {
			isa = PBXTargetDependency;
			name = CPAProxy;
			targetProxy = F78C4DCD182B7E6800C6D19C /* PBXContainerItemProxy */;
		};
		F78C4E41182BAA0300C6D19C /* PBXTargetDependency */ = {
			isa = PBXTargetDependency;
			name = "PriveDependencies-iOS";
			targetProxy = F78C4E40182BAA0300C6D19C /* PBXContainerItemProxy */;
		};
		F7A91BF3182A6C2A00073051 /* PBXTargetDependency */ = {
			isa = PBXTargetDependency;
			target = F7A91BD1182A6C2A00073051 /* Prive */;
			targetProxy = F7A91BF2182A6C2A00073051 /* PBXContainerItemProxy */;
		};
/* End PBXTargetDependency section */

/* Begin PBXVariantGroup section */
		F78C4E46182BB15F00C6D19C /* Localizable.strings */ = {
			isa = PBXVariantGroup;
			children = (
				F78C4E47182BB15F00C6D19C /* en */,
			);
			name = Localizable.strings;
			sourceTree = "<group>";
		};
		F7A91BDE182A6C2A00073051 /* InfoPlist.strings */ = {
			isa = PBXVariantGroup;
			children = (
				F7A91BDF182A6C2A00073051 /* en */,
			);
			name = InfoPlist.strings;
			sourceTree = "<group>";
		};
		F7A91BF7182A6C2A00073051 /* InfoPlist.strings */ = {
			isa = PBXVariantGroup;
			children = (
				F7A91BF8182A6C2A00073051 /* en */,
			);
			name = InfoPlist.strings;
			sourceTree = "<group>";
		};
/* End PBXVariantGroup section */

/* Begin XCBuildConfiguration section */
		F7A91BFC182A6C2A00073051 /* Debug */ = {
			isa = XCBuildConfiguration;
			buildSettings = {
				ALWAYS_SEARCH_USER_PATHS = NO;
				ARCHS = "$(ARCHS_STANDARD_INCLUDING_64_BIT)";
				CLANG_CXX_LANGUAGE_STANDARD = "gnu++0x";
				CLANG_CXX_LIBRARY = "libc++";
				CLANG_ENABLE_MODULES = YES;
				CLANG_ENABLE_OBJC_ARC = YES;
				CLANG_WARN_BOOL_CONVERSION = YES;
				CLANG_WARN_CONSTANT_CONVERSION = YES;
				CLANG_WARN_DIRECT_OBJC_ISA_USAGE = YES_ERROR;
				CLANG_WARN_EMPTY_BODY = YES;
				CLANG_WARN_ENUM_CONVERSION = YES;
				CLANG_WARN_INT_CONVERSION = YES;
				CLANG_WARN_OBJC_ROOT_CLASS = YES_ERROR;
				CLANG_WARN__DUPLICATE_METHOD_MATCH = YES;
				"CODE_SIGN_IDENTITY[sdk=iphoneos*]" = "iPhone Developer";
				COPY_PHASE_STRIP = NO;
				GCC_C_LANGUAGE_STANDARD = gnu99;
				GCC_DYNAMIC_NO_PIC = NO;
				GCC_OPTIMIZATION_LEVEL = 0;
				GCC_PREPROCESSOR_DEFINITIONS = (
					"DEBUG=1",
					"$(inherited)",
				);
				GCC_SYMBOLS_PRIVATE_EXTERN = NO;
				GCC_WARN_64_TO_32_BIT_CONVERSION = YES;
				GCC_WARN_ABOUT_RETURN_TYPE = YES_ERROR;
				GCC_WARN_UNDECLARED_SELECTOR = YES;
				GCC_WARN_UNINITIALIZED_AUTOS = YES;
				GCC_WARN_UNUSED_FUNCTION = YES;
				GCC_WARN_UNUSED_VARIABLE = YES;
				IPHONEOS_DEPLOYMENT_TARGET = 7.0;
				ONLY_ACTIVE_ARCH = YES;
				SDKROOT = iphoneos;
			};
			name = Debug;
		};
		F7A91BFD182A6C2A00073051 /* Release */ = {
			isa = XCBuildConfiguration;
			buildSettings = {
				ALWAYS_SEARCH_USER_PATHS = NO;
				ARCHS = "$(ARCHS_STANDARD_INCLUDING_64_BIT)";
				CLANG_CXX_LANGUAGE_STANDARD = "gnu++0x";
				CLANG_CXX_LIBRARY = "libc++";
				CLANG_ENABLE_MODULES = YES;
				CLANG_ENABLE_OBJC_ARC = YES;
				CLANG_WARN_BOOL_CONVERSION = YES;
				CLANG_WARN_CONSTANT_CONVERSION = YES;
				CLANG_WARN_DIRECT_OBJC_ISA_USAGE = YES_ERROR;
				CLANG_WARN_EMPTY_BODY = YES;
				CLANG_WARN_ENUM_CONVERSION = YES;
				CLANG_WARN_INT_CONVERSION = YES;
				CLANG_WARN_OBJC_ROOT_CLASS = YES_ERROR;
				CLANG_WARN__DUPLICATE_METHOD_MATCH = YES;
				"CODE_SIGN_IDENTITY[sdk=iphoneos*]" = "iPhone Developer";
				COPY_PHASE_STRIP = YES;
				ENABLE_NS_ASSERTIONS = NO;
				GCC_C_LANGUAGE_STANDARD = gnu99;
				GCC_WARN_64_TO_32_BIT_CONVERSION = YES;
				GCC_WARN_ABOUT_RETURN_TYPE = YES_ERROR;
				GCC_WARN_UNDECLARED_SELECTOR = YES;
				GCC_WARN_UNINITIALIZED_AUTOS = YES;
				GCC_WARN_UNUSED_FUNCTION = YES;
				GCC_WARN_UNUSED_VARIABLE = YES;
				IPHONEOS_DEPLOYMENT_TARGET = 7.0;
				SDKROOT = iphoneos;
				VALIDATE_PRODUCT = YES;
			};
			name = Release;
		};
		F7A91BFF182A6C2A00073051 /* Debug */ = {
			isa = XCBuildConfiguration;
			buildSettings = {
				ASSETCATALOG_COMPILER_APPICON_NAME = AppIcon;
				ASSETCATALOG_COMPILER_LAUNCHIMAGE_NAME = LaunchImage;
				CODE_SIGN_IDENTITY = "iPhone Developer";
				"CODE_SIGN_IDENTITY[sdk=iphoneos*]" = "iPhone Developer";
				GCC_PRECOMPILE_PREFIX_HEADER = YES;
				GCC_PREFIX_HEADER = "Prive/Prive-Prefix.pch";
				INFOPLIST_FILE = "Prive/Prive-Info.plist";
				IPHONEOS_DEPLOYMENT_TARGET = 6.1;
				OTHER_LDFLAGS = "-ObjC";
				PRODUCT_NAME = "$(TARGET_NAME)";
				PROVISIONING_PROFILE = "";
				USER_HEADER_SEARCH_PATHS = "\"$(SRCROOT)/External/CPAProxy/CPAProxy\" \"$(SRCROOT)/External/TorchatMac/TorChat/Sources/Core\" \"$(SRCROOT)/External/SSDataKit/SSDataKit\"";
				WRAPPER_EXTENSION = app;
			};
			name = Debug;
		};
		F7A91C00182A6C2A00073051 /* Release */ = {
			isa = XCBuildConfiguration;
			buildSettings = {
				ASSETCATALOG_COMPILER_APPICON_NAME = AppIcon;
				ASSETCATALOG_COMPILER_LAUNCHIMAGE_NAME = LaunchImage;
				CODE_SIGN_IDENTITY = "iPhone Developer";
				"CODE_SIGN_IDENTITY[sdk=iphoneos*]" = "iPhone Developer";
				GCC_PRECOMPILE_PREFIX_HEADER = YES;
				GCC_PREFIX_HEADER = "Prive/Prive-Prefix.pch";
				INFOPLIST_FILE = "Prive/Prive-Info.plist";
				IPHONEOS_DEPLOYMENT_TARGET = 6.1;
				OTHER_LDFLAGS = "-ObjC";
				PRODUCT_NAME = "$(TARGET_NAME)";
				PROVISIONING_PROFILE = "";
				USER_HEADER_SEARCH_PATHS = "\"$(SRCROOT)/External/CPAProxy/CPAProxy\" \"$(SRCROOT)/External/TorchatMac/TorChat/Sources/Core\" \"$(SRCROOT)/External/SSDataKit/SSDataKit\"";
				WRAPPER_EXTENSION = app;
			};
			name = Release;
		};
		F7A91C02182A6C2A00073051 /* Debug */ = {
			isa = XCBuildConfiguration;
			buildSettings = {
				ARCHS = "$(ARCHS_STANDARD_INCLUDING_64_BIT)";
				BUNDLE_LOADER = "$(BUILT_PRODUCTS_DIR)/Prive.app/Prive";
				FRAMEWORK_SEARCH_PATHS = (
					"$(SDKROOT)/Developer/Library/Frameworks",
					"$(inherited)",
					"$(DEVELOPER_FRAMEWORKS_DIR)",
				);
				GCC_PRECOMPILE_PREFIX_HEADER = YES;
				GCC_PREFIX_HEADER = "Prive/Prive-Prefix.pch";
				GCC_PREPROCESSOR_DEFINITIONS = (
					"DEBUG=1",
					"$(inherited)",
				);
				INFOPLIST_FILE = "PriveTests/PriveTests-Info.plist";
				PRODUCT_NAME = "$(TARGET_NAME)";
				TEST_HOST = "$(BUNDLE_LOADER)";
				WRAPPER_EXTENSION = xctest;
			};
			name = Debug;
		};
		F7A91C03182A6C2A00073051 /* Release */ = {
			isa = XCBuildConfiguration;
			buildSettings = {
				ARCHS = "$(ARCHS_STANDARD_INCLUDING_64_BIT)";
				BUNDLE_LOADER = "$(BUILT_PRODUCTS_DIR)/Prive.app/Prive";
				FRAMEWORK_SEARCH_PATHS = (
					"$(SDKROOT)/Developer/Library/Frameworks",
					"$(inherited)",
					"$(DEVELOPER_FRAMEWORKS_DIR)",
				);
				GCC_PRECOMPILE_PREFIX_HEADER = YES;
				GCC_PREFIX_HEADER = "Prive/Prive-Prefix.pch";
				INFOPLIST_FILE = "PriveTests/PriveTests-Info.plist";
				PRODUCT_NAME = "$(TARGET_NAME)";
				TEST_HOST = "$(BUNDLE_LOADER)";
				WRAPPER_EXTENSION = xctest;
			};
			name = Release;
		};
/* End XCBuildConfiguration section */

/* Begin XCConfigurationList section */
		F7A91BCD182A6C2A00073051 /* Build configuration list for PBXProject "Prive" */ = {
			isa = XCConfigurationList;
			buildConfigurations = (
				F7A91BFC182A6C2A00073051 /* Debug */,
				F7A91BFD182A6C2A00073051 /* Release */,
			);
			defaultConfigurationIsVisible = 0;
			defaultConfigurationName = Release;
		};
		F7A91BFE182A6C2A00073051 /* Build configuration list for PBXNativeTarget "Prive" */ = {
			isa = XCConfigurationList;
			buildConfigurations = (
				F7A91BFF182A6C2A00073051 /* Debug */,
				F7A91C00182A6C2A00073051 /* Release */,
			);
			defaultConfigurationIsVisible = 0;
			defaultConfigurationName = Release;
		};
		F7A91C01182A6C2A00073051 /* Build configuration list for PBXNativeTarget "PriveTests" */ = {
			isa = XCConfigurationList;
			buildConfigurations = (
				F7A91C02182A6C2A00073051 /* Debug */,
				F7A91C03182A6C2A00073051 /* Release */,
			);
			defaultConfigurationIsVisible = 0;
			defaultConfigurationName = Release;
		};
/* End XCConfigurationList section */

/* Begin XCVersionGroup section */
		F7A91C05182A6D0800073051 /* PVDataModel.xcdatamodeld */ = {
			isa = XCVersionGroup;
			children = (
				F7A91C06182A6D0800073051 /* PVDataModel.xcdatamodel */,
			);
			currentVersion = F7A91C06182A6D0800073051 /* PVDataModel.xcdatamodel */;
			path = PVDataModel.xcdatamodeld;
			sourceTree = "<group>";
			versionGroupType = wrapper.xcdatamodel;
		};
/* End XCVersionGroup section */
	};
	rootObject = F7A91BCA182A6C2A00073051 /* Project object */;
}
